
Microsoft Visual Studio Solution File, Format Version 12.00
# Visual Studio Version 17
VisualStudioVersion = 17.8.34330.188
MinimumVisualStudioVersion = 10.0.40219.1
Project("{FAE04EC0-301F-11D3-BF4B-00C04F79EFBC}") = "Project_PL", "Project_PL\Project_PL.csproj", "{3B49EA0F-716B-49BD-901F-0528BEC5A412}"
EndProject
Project("{FAE04EC0-301F-11D3-BF4B-00C04F79EFBC}") = "Project_BLL", "ClassLibrary1\Project_BLL.csproj", "{7BDF9C43-FE78-4851-AFBB-622F38D01DED}"
EndProject
Project("{FAE04EC0-301F-11D3-BF4B-00C04F79EFBC}") = "Project_DAL", "Project_DAL\Project_DAL.csproj", "{6F23E6A6-72F2-4063-B9BB-3FC41E8F09DE}"
EndProject
Global
	GlobalSection(SolutionConfigurationPlatforms) = preSolution
		Debug|Any CPU = Debug|Any CPU
		Release|Any CPU = Release|Any CPU
	EndGlobalSection
	GlobalSection(ProjectConfigurationPlatforms) = postSolution
		{3B49EA0F-716B-49BD-901F-0528BEC5A412}.Debug|Any CPU.ActiveCfg = Debug|Any CPU
		{3B49EA0F-716B-49BD-901F-0528BEC5A412}.Debug|Any CPU.Build.0 = Debug|Any CPU
		{3B49EA0F-716B-49BD-901F-0528BEC5A412}.Release|Any CPU.ActiveCfg = Release|Any CPU
		{3B49EA0F-716B-49BD-901F-0528BEC5A412}.Release|Any CPU.Build.0 = Release|Any CPU
		{7BDF9C43-FE78-4851-AFBB-622F38D01DED}.Debug|Any CPU.ActiveCfg = Debug|Any CPU
		{7BDF9C43-FE78-4851-AFBB-622F38D01DED}.Debug|Any CPU.Build.0 = Debug|Any CPU
		{7BDF9C43-FE78-4851-AFBB-622F38D01DED}.Release|Any CPU.ActiveCfg = Release|Any CPU
		{7BDF9C43-FE78-4851-AFBB-622F38D01DED}.Release|Any CPU.Build.0 = Release|Any CPU
		{6F23E6A6-72F2-4063-B9BB-3FC41E8F09DE}.Debug|Any CPU.ActiveCfg = Debug|Any CPU
		{6F23E6A6-72F2-4063-B9BB-3FC41E8F09DE}.Debug|Any CPU.Build.0 = Debug|Any CPU
		{6F23E6A6-72F2-4063-B9BB-3FC41E8F09DE}.Release|Any CPU.ActiveCfg = Release|Any CPU
		{6F23E6A6-72F2-4063-B9BB-3FC41E8F09DE}.Release|Any CPU.Build.0 = Release|Any CPU
	EndGlobalSection
	GlobalSection(SolutionProperties) = preSolution
		HideSolutionNode = FALSE
	EndGlobalSection
	GlobalSection(ExtensibilityGlobals) = postSolution
		SolutionGuid = {F659B6C3-CF0A-4A4E-BDBD-D6156DB938A1}
	EndGlobalSection
EndGlobal
